
Microsoft Visual Studio Solution File, Format Version 12.00
# Visual Studio Version 16
VisualStudioVersion = 16.0.32929.386
MinimumVisualStudioVersion = 10.0.40219.1
Project("{FAE04EC0-301F-11D3-BF4B-00C04F79EFBC}") = "LinkedList_Workshop", "LinkedList_Workshop\LinkedList_Workshop.csproj", "{16C353F9-4A55-4389-B04F-B35660417C3E}"
EndProject
Global
	GlobalSection(SolutionConfigurationPlatforms) = preSolution
		Debug|Any CPU = Debug|Any CPU
		Release|Any CPU = Release|Any CPU
	EndGlobalSection
	GlobalSection(ProjectConfigurationPlatforms) = postSolution
		{16C353F9-4A55-4389-B04F-B35660417C3E}.Debug|Any CPU.ActiveCfg = Debug|Any CPU
		{16C353F9-4A55-4389-B04F-B35660417C3E}.Debug|Any CPU.Build.0 = Debug|Any CPU
		{16C353F9-4A55-4389-B04F-B35660417C3E}.Release|Any CPU.ActiveCfg = Release|Any CPU
		{16C353F9-4A55-4389-B04F-B35660417C3E}.Release|Any CPU.Build.0 = Release|Any CPU
	EndGlobalSection
	GlobalSection(SolutionProperties) = preSolution
		HideSolutionNode = FALSE
	EndGlobalSection
	GlobalSection(ExtensibilityGlobals) = postSolution
		SolutionGuid = {1F4D3A65-8C34-484C-AA7C-E016D747EAF1}
	EndGlobalSection
EndGlobal
