
Microsoft Visual Studio Solution File, Format Version 12.00
# Visual Studio Version 16
VisualStudioVersion = 16.0.32929.386
MinimumVisualStudioVersion = 10.0.40219.1
Project("{FAE04EC0-301F-11D3-BF4B-00C04F79EFBC}") = "Jagged_Array", "Jagged_Array\Jagged_Array.csproj", "{54505CA4-0C6B-4011-8DAE-233CA8B4363C}"
EndProject
Global
	GlobalSection(SolutionConfigurationPlatforms) = preSolution
		Debug|Any CPU = Debug|Any CPU
		Release|Any CPU = Release|Any CPU
	EndGlobalSection
	GlobalSection(ProjectConfigurationPlatforms) = postSolution
		{54505CA4-0C6B-4011-8DAE-233CA8B4363C}.Debug|Any CPU.ActiveCfg = Debug|Any CPU
		{54505CA4-0C6B-4011-8DAE-233CA8B4363C}.Debug|Any CPU.Build.0 = Debug|Any CPU
		{54505CA4-0C6B-4011-8DAE-233CA8B4363C}.Release|Any CPU.ActiveCfg = Release|Any CPU
		{54505CA4-0C6B-4011-8DAE-233CA8B4363C}.Release|Any CPU.Build.0 = Release|Any CPU
	EndGlobalSection
	GlobalSection(SolutionProperties) = preSolution
		HideSolutionNode = FALSE
	EndGlobalSection
	GlobalSection(ExtensibilityGlobals) = postSolution
		SolutionGuid = {0EE2CE3C-C815-4A00-A9A2-8E99401DDEB4}
	EndGlobalSection
EndGlobal
