
Microsoft Visual Studio Solution File, Format Version 12.00
# Visual Studio Version 16
VisualStudioVersion = 16.0.32929.386
MinimumVisualStudioVersion = 10.0.40219.1
Project("{FAE04EC0-301F-11D3-BF4B-00C04F79EFBC}") = "Defining classes", "Defining classes\Defining classes.csproj", "{ED0598E4-6857-497F-97F4-4C855B192CCA}"
EndProject
Global
	GlobalSection(SolutionConfigurationPlatforms) = preSolution
		Debug|Any CPU = Debug|Any CPU
		Release|Any CPU = Release|Any CPU
	EndGlobalSection
	GlobalSection(ProjectConfigurationPlatforms) = postSolution
		{ED0598E4-6857-497F-97F4-4C855B192CCA}.Debug|Any CPU.ActiveCfg = Debug|Any CPU
		{ED0598E4-6857-497F-97F4-4C855B192CCA}.Debug|Any CPU.Build.0 = Debug|Any CPU
		{ED0598E4-6857-497F-97F4-4C855B192CCA}.Release|Any CPU.ActiveCfg = Release|Any CPU
		{ED0598E4-6857-497F-97F4-4C855B192CCA}.Release|Any CPU.Build.0 = Release|Any CPU
	EndGlobalSection
	GlobalSection(SolutionProperties) = preSolution
		HideSolutionNode = FALSE
	EndGlobalSection
	GlobalSection(ExtensibilityGlobals) = postSolution
		SolutionGuid = {A294A5E0-0AE9-4E94-80A4-219E2664A576}
	EndGlobalSection
EndGlobal
