
Microsoft Visual Studio Solution File, Format Version 12.00
# Visual Studio Version 16
VisualStudioVersion = 16.0.32929.386
MinimumVisualStudioVersion = 10.0.40219.1
Project("{9A19103F-16F7-4668-BE54-9A1E7A4F7556}") = "Definning_Classes_Exercise", "Definning_Classes_Exercise\Definning_Classes_Exercise.csproj", "{6F912712-A377-4A09-B42E-BC0F2ECBC4AB}"
EndProject
Project("{9A19103F-16F7-4668-BE54-9A1E7A4F7556}") = "DateModifier", "DateModifier\DateModifier.csproj", "{F70CDA67-08B1-4BBA-B742-58D74CF2A11F}"
EndProject
Project("{FAE04EC0-301F-11D3-BF4B-00C04F79EFBC}") = "SoftUni Parking", "SoftUni Parking\SoftUni Parking.csproj", "{FE693F3E-0D68-4D98-8708-9D0EB43D4175}"
EndProject
Project("{FAE04EC0-301F-11D3-BF4B-00C04F79EFBC}") = "Pokemon Trainer", "Pokemon Trainer\Pokemon Trainer.csproj", "{FECD84B3-0E68-49D8-94BC-02D4018785CE}"
EndProject
Project("{FAE04EC0-301F-11D3-BF4B-00C04F79EFBC}") = "Raw_Data", "Raw_Data\Raw_Data.csproj", "{645AA7D3-63C9-4921-A955-FD608D8F4772}"
EndProject
Global
	GlobalSection(SolutionConfigurationPlatforms) = preSolution
		Debug|Any CPU = Debug|Any CPU
		Release|Any CPU = Release|Any CPU
	EndGlobalSection
	GlobalSection(ProjectConfigurationPlatforms) = postSolution
		{6F912712-A377-4A09-B42E-BC0F2ECBC4AB}.Debug|Any CPU.ActiveCfg = Debug|Any CPU
		{6F912712-A377-4A09-B42E-BC0F2ECBC4AB}.Debug|Any CPU.Build.0 = Debug|Any CPU
		{6F912712-A377-4A09-B42E-BC0F2ECBC4AB}.Release|Any CPU.ActiveCfg = Release|Any CPU
		{6F912712-A377-4A09-B42E-BC0F2ECBC4AB}.Release|Any CPU.Build.0 = Release|Any CPU
		{F70CDA67-08B1-4BBA-B742-58D74CF2A11F}.Debug|Any CPU.ActiveCfg = Debug|Any CPU
		{F70CDA67-08B1-4BBA-B742-58D74CF2A11F}.Debug|Any CPU.Build.0 = Debug|Any CPU
		{F70CDA67-08B1-4BBA-B742-58D74CF2A11F}.Release|Any CPU.ActiveCfg = Release|Any CPU
		{F70CDA67-08B1-4BBA-B742-58D74CF2A11F}.Release|Any CPU.Build.0 = Release|Any CPU
		{FE693F3E-0D68-4D98-8708-9D0EB43D4175}.Debug|Any CPU.ActiveCfg = Debug|Any CPU
		{FE693F3E-0D68-4D98-8708-9D0EB43D4175}.Debug|Any CPU.Build.0 = Debug|Any CPU
		{FE693F3E-0D68-4D98-8708-9D0EB43D4175}.Release|Any CPU.ActiveCfg = Release|Any CPU
		{FE693F3E-0D68-4D98-8708-9D0EB43D4175}.Release|Any CPU.Build.0 = Release|Any CPU
		{FECD84B3-0E68-49D8-94BC-02D4018785CE}.Debug|Any CPU.ActiveCfg = Debug|Any CPU
		{FECD84B3-0E68-49D8-94BC-02D4018785CE}.Debug|Any CPU.Build.0 = Debug|Any CPU
		{FECD84B3-0E68-49D8-94BC-02D4018785CE}.Release|Any CPU.ActiveCfg = Release|Any CPU
		{FECD84B3-0E68-49D8-94BC-02D4018785CE}.Release|Any CPU.Build.0 = Release|Any CPU
		{645AA7D3-63C9-4921-A955-FD608D8F4772}.Debug|Any CPU.ActiveCfg = Debug|Any CPU
		{645AA7D3-63C9-4921-A955-FD608D8F4772}.Debug|Any CPU.Build.0 = Debug|Any CPU
		{645AA7D3-63C9-4921-A955-FD608D8F4772}.Release|Any CPU.ActiveCfg = Release|Any CPU
		{645AA7D3-63C9-4921-A955-FD608D8F4772}.Release|Any CPU.Build.0 = Release|Any CPU
	EndGlobalSection
	GlobalSection(SolutionProperties) = preSolution
		HideSolutionNode = FALSE
	EndGlobalSection
	GlobalSection(ExtensibilityGlobals) = postSolution
		SolutionGuid = {D4EE608A-455F-436D-B939-A0B512E49E5F}
	EndGlobalSection
EndGlobal
