
Microsoft Visual Studio Solution File, Format Version 12.00
# Visual Studio Version 16
VisualStudioVersion = 16.0.32929.386
MinimumVisualStudioVersion = 10.0.40219.1
Project("{9A19103F-16F7-4668-BE54-9A1E7A4F7556}") = "SoftUniParking", "SoftUni Parking\SoftUniParking.csproj", "{639F9340-8EC2-4183-9C85-0D9188A189FF}"
EndProject
Global
	GlobalSection(SolutionConfigurationPlatforms) = preSolution
		Debug|Any CPU = Debug|Any CPU
		Release|Any CPU = Release|Any CPU
	EndGlobalSection
	GlobalSection(ProjectConfigurationPlatforms) = postSolution
		{639F9340-8EC2-4183-9C85-0D9188A189FF}.Debug|Any CPU.ActiveCfg = Debug|Any CPU
		{639F9340-8EC2-4183-9C85-0D9188A189FF}.Debug|Any CPU.Build.0 = Debug|Any CPU
		{639F9340-8EC2-4183-9C85-0D9188A189FF}.Release|Any CPU.ActiveCfg = Release|Any CPU
		{639F9340-8EC2-4183-9C85-0D9188A189FF}.Release|Any CPU.Build.0 = Release|Any CPU
	EndGlobalSection
	GlobalSection(SolutionProperties) = preSolution
		HideSolutionNode = FALSE
	EndGlobalSection
	GlobalSection(ExtensibilityGlobals) = postSolution
		SolutionGuid = {1A1ACCB2-FA0B-4B93-81EC-76CFD6F60CB7}
	EndGlobalSection
EndGlobal
