
Microsoft Visual Studio Solution File, Format Version 12.00
# Visual Studio Version 16
VisualStudioVersion = 16.0.32929.386
MinimumVisualStudioVersion = 10.0.40219.1
Project("{9A19103F-16F7-4668-BE54-9A1E7A4F7556}") = "SoftUni-Exam_1_Exercise", "SoftUni-Exam_1_Exercise\SoftUni-Exam_1_Exercise.csproj", "{76D9DB40-CF03-4C8F-92FD-22F05DA88756}"
EndProject
Project("{9A19103F-16F7-4668-BE54-9A1E7A4F7556}") = "SoftUniExam_2Exercise", "SoftUniExam_2Exercise\SoftUniExam_2Exercise.csproj", "{C4178E45-8088-4C2E-BB71-149B5D344245}"
EndProject
Project("{9A19103F-16F7-4668-BE54-9A1E7A4F7556}") = "TheBattleOfFiveArmies", "TheBattleOfFiveArmies\TheBattleOfFiveArmies.csproj", "{53D6DC08-7F11-4629-B5C7-089BEE12802E}"
EndProject
Project("{9A19103F-16F7-4668-BE54-9A1E7A4F7556}") = "Street_Racing", "Street_Racing\Street_Racing.csproj", "{76D715EA-C8D5-494E-8357-59A1B4242E33}"
EndProject
Project("{9A19103F-16F7-4668-BE54-9A1E7A4F7556}") = "Selection Sort", "Selection Sort\Selection Sort.csproj", "{97A093DB-B8D5-4DCB-B943-AD100CE5EC13}"
EndProject
Project("{FAE04EC0-301F-11D3-BF4B-00C04F79EFBC}") = "Binary_Search", "Binary_Search\Binary_Search.csproj", "{3DEFEAD2-161B-45CD-B3C6-AACF52FC4854}"
EndProject
Global
	GlobalSection(SolutionConfigurationPlatforms) = preSolution
		Debug|Any CPU = Debug|Any CPU
		Release|Any CPU = Release|Any CPU
	EndGlobalSection
	GlobalSection(ProjectConfigurationPlatforms) = postSolution
		{76D9DB40-CF03-4C8F-92FD-22F05DA88756}.Debug|Any CPU.ActiveCfg = Debug|Any CPU
		{76D9DB40-CF03-4C8F-92FD-22F05DA88756}.Debug|Any CPU.Build.0 = Debug|Any CPU
		{76D9DB40-CF03-4C8F-92FD-22F05DA88756}.Release|Any CPU.ActiveCfg = Release|Any CPU
		{76D9DB40-CF03-4C8F-92FD-22F05DA88756}.Release|Any CPU.Build.0 = Release|Any CPU
		{C4178E45-8088-4C2E-BB71-149B5D344245}.Debug|Any CPU.ActiveCfg = Debug|Any CPU
		{C4178E45-8088-4C2E-BB71-149B5D344245}.Debug|Any CPU.Build.0 = Debug|Any CPU
		{C4178E45-8088-4C2E-BB71-149B5D344245}.Release|Any CPU.ActiveCfg = Release|Any CPU
		{C4178E45-8088-4C2E-BB71-149B5D344245}.Release|Any CPU.Build.0 = Release|Any CPU
		{53D6DC08-7F11-4629-B5C7-089BEE12802E}.Debug|Any CPU.ActiveCfg = Debug|Any CPU
		{53D6DC08-7F11-4629-B5C7-089BEE12802E}.Debug|Any CPU.Build.0 = Debug|Any CPU
		{53D6DC08-7F11-4629-B5C7-089BEE12802E}.Release|Any CPU.ActiveCfg = Release|Any CPU
		{53D6DC08-7F11-4629-B5C7-089BEE12802E}.Release|Any CPU.Build.0 = Release|Any CPU
		{76D715EA-C8D5-494E-8357-59A1B4242E33}.Debug|Any CPU.ActiveCfg = Debug|Any CPU
		{76D715EA-C8D5-494E-8357-59A1B4242E33}.Debug|Any CPU.Build.0 = Debug|Any CPU
		{76D715EA-C8D5-494E-8357-59A1B4242E33}.Release|Any CPU.ActiveCfg = Release|Any CPU
		{76D715EA-C8D5-494E-8357-59A1B4242E33}.Release|Any CPU.Build.0 = Release|Any CPU
		{97A093DB-B8D5-4DCB-B943-AD100CE5EC13}.Debug|Any CPU.ActiveCfg = Debug|Any CPU
		{97A093DB-B8D5-4DCB-B943-AD100CE5EC13}.Debug|Any CPU.Build.0 = Debug|Any CPU
		{97A093DB-B8D5-4DCB-B943-AD100CE5EC13}.Release|Any CPU.ActiveCfg = Release|Any CPU
		{97A093DB-B8D5-4DCB-B943-AD100CE5EC13}.Release|Any CPU.Build.0 = Release|Any CPU
		{3DEFEAD2-161B-45CD-B3C6-AACF52FC4854}.Debug|Any CPU.ActiveCfg = Debug|Any CPU
		{3DEFEAD2-161B-45CD-B3C6-AACF52FC4854}.Debug|Any CPU.Build.0 = Debug|Any CPU
		{3DEFEAD2-161B-45CD-B3C6-AACF52FC4854}.Release|Any CPU.ActiveCfg = Release|Any CPU
		{3DEFEAD2-161B-45CD-B3C6-AACF52FC4854}.Release|Any CPU.Build.0 = Release|Any CPU
	EndGlobalSection
	GlobalSection(SolutionProperties) = preSolution
		HideSolutionNode = FALSE
	EndGlobalSection
	GlobalSection(ExtensibilityGlobals) = postSolution
		SolutionGuid = {F5C5C7DB-3E04-49D0-8A6D-1D20CD345CC0}
	EndGlobalSection
EndGlobal
